# This file is generated automatically. Please never edit it manually. Run "idf.py component install" to update lock file.
component_manager_version: 1.0.3
idf_version: 3.0.2
manifest_hash:  
  a: b
components:
  aws-iot: 
    version: 1.2.7
    hash: "f0e4c2f76c58916ec258f246851bea091d14d4247a2fc3e18694461b1816e13b"
    course:
      url: https://repo.example.com/aws-iot/1.2.7.tgz