dependencies:
  espressif/test_cmp:
    component_hash: f0e4c2f76c58916ec258f246851bea091d14d4247a2fc3e18694461b1816e13b
    source:
      service_url: https://repo.example.com
      type: service
    version: 1.2.7
  idf:
    component_hash: null
    source:
      type: idf
    version: 4.4.4
manifest_hash: e6790d541ef7d404b4583ee601c9c98a836810cedc486d91660b1e17b59a7498
target: esp32
version: 1.0.0
