dependencies:
  idf:
    component_hash: null
    source:
      type: idf
    version: 4.4.4
  test_cmp:
    component_hash: f0e4c2f76c58916ec258f246851bea091d14d4247a2fc3e18694461b1816e13b
    source:
      service_url: https://repo.example.com
      type: service
    version: 1.2.7
manifest_hash: 145601a909ff39faf9fc846504dedd90b6c0ee311d401b70e4c3aef00bd454b9
version: 1.0.0
